
Microsoft Visual Studio Solution File, Format Version 12.00
# Visual Studio Version 16
VisualStudioVersion = 16.0.29409.12
MinimumVisualStudioVersion = 10.0.40219.1
Project("{FAE04EC0-301F-11D3-BF4B-00C04F79EFBC}") = "TiresCalculator", "TiresCalculator\TiresCalculator.csproj", "{33E5AB88-BFD1-49D5-B4F6-F5E462EE240B}"
EndProject
Global
	GlobalSection(SolutionConfigurationPlatforms) = preSolution
		Debug|Any CPU = Debug|Any CPU
		Release|Any CPU = Release|Any CPU
	EndGlobalSection
	GlobalSection(ProjectConfigurationPlatforms) = postSolution
		{33E5AB88-BFD1-49D5-B4F6-F5E462EE240B}.Debug|Any CPU.ActiveCfg = Debug|Any CPU
		{33E5AB88-BFD1-49D5-B4F6-F5E462EE240B}.Debug|Any CPU.Build.0 = Debug|Any CPU
		{33E5AB88-BFD1-49D5-B4F6-F5E462EE240B}.Release|Any CPU.ActiveCfg = Release|Any CPU
		{33E5AB88-BFD1-49D5-B4F6-F5E462EE240B}.Release|Any CPU.Build.0 = Release|Any CPU
	EndGlobalSection
	GlobalSection(SolutionProperties) = preSolution
		HideSolutionNode = FALSE
	EndGlobalSection
	GlobalSection(ExtensibilityGlobals) = postSolution
		SolutionGuid = {545786D8-6447-43A7-AADE-B12C0844E306}
	EndGlobalSection
EndGlobal
