
Microsoft Visual Studio Solution File, Format Version 12.00
# Visual Studio Version 16
VisualStudioVersion = 16.0.29728.190
MinimumVisualStudioVersion = 10.0.40219.1
Project("{FAE04EC0-301F-11D3-BF4B-00C04F79EFBC}") = "lab_1", "lab_1\lab_1.csproj", "{AEE37E74-84AA-48D6-884B-F1F6742C52F3}"
EndProject
Project("{9A19103F-16F7-4668-BE54-9A1E7A4F7556}") = "lab2", "lab2\lab2.csproj", "{C453D396-6C1C-420F-9DD3-9435D69182B9}"
EndProject
Project("{FAE04EC0-301F-11D3-BF4B-00C04F79EFBC}") = "lab3", "lab3\lab3.csproj", "{C014CC6F-A8AE-42B7-82EF-8A02F7C2E016}"
EndProject
Global
	GlobalSection(SolutionConfigurationPlatforms) = preSolution
		Debug|Any CPU = Debug|Any CPU
		Release|Any CPU = Release|Any CPU
	EndGlobalSection
	GlobalSection(ProjectConfigurationPlatforms) = postSolution
		{AEE37E74-84AA-48D6-884B-F1F6742C52F3}.Debug|Any CPU.ActiveCfg = Debug|Any CPU
		{AEE37E74-84AA-48D6-884B-F1F6742C52F3}.Debug|Any CPU.Build.0 = Debug|Any CPU
		{AEE37E74-84AA-48D6-884B-F1F6742C52F3}.Release|Any CPU.ActiveCfg = Release|Any CPU
		{AEE37E74-84AA-48D6-884B-F1F6742C52F3}.Release|Any CPU.Build.0 = Release|Any CPU
		{C453D396-6C1C-420F-9DD3-9435D69182B9}.Debug|Any CPU.ActiveCfg = Debug|Any CPU
		{C453D396-6C1C-420F-9DD3-9435D69182B9}.Debug|Any CPU.Build.0 = Debug|Any CPU
		{C453D396-6C1C-420F-9DD3-9435D69182B9}.Release|Any CPU.ActiveCfg = Release|Any CPU
		{C453D396-6C1C-420F-9DD3-9435D69182B9}.Release|Any CPU.Build.0 = Release|Any CPU
		{C014CC6F-A8AE-42B7-82EF-8A02F7C2E016}.Debug|Any CPU.ActiveCfg = Debug|Any CPU
		{C014CC6F-A8AE-42B7-82EF-8A02F7C2E016}.Debug|Any CPU.Build.0 = Debug|Any CPU
		{C014CC6F-A8AE-42B7-82EF-8A02F7C2E016}.Release|Any CPU.ActiveCfg = Release|Any CPU
		{C014CC6F-A8AE-42B7-82EF-8A02F7C2E016}.Release|Any CPU.Build.0 = Release|Any CPU
	EndGlobalSection
	GlobalSection(SolutionProperties) = preSolution
		HideSolutionNode = FALSE
	EndGlobalSection
	GlobalSection(ExtensibilityGlobals) = postSolution
		SolutionGuid = {594BAA0E-17B6-4E9E-9AC3-BB66A978D1DC}
	EndGlobalSection
EndGlobal
