
Microsoft Visual Studio Solution File, Format Version 12.00
# Visual Studio Version 16
VisualStudioVersion = 16.0.29409.12
MinimumVisualStudioVersion = 10.0.40219.1
Project("{FAE04EC0-301F-11D3-BF4B-00C04F79EFBC}") = "SamostiynaRobotaSem2", "SamostiynaRobotaSem2\SamostiynaRobotaSem2.csproj", "{D798C7CF-AE1E-4292-AF2C-E543BEFC7512}"
EndProject
Global
	GlobalSection(SolutionConfigurationPlatforms) = preSolution
		Debug|Any CPU = Debug|Any CPU
		Release|Any CPU = Release|Any CPU
	EndGlobalSection
	GlobalSection(ProjectConfigurationPlatforms) = postSolution
		{D798C7CF-AE1E-4292-AF2C-E543BEFC7512}.Debug|Any CPU.ActiveCfg = Debug|Any CPU
		{D798C7CF-AE1E-4292-AF2C-E543BEFC7512}.Debug|Any CPU.Build.0 = Debug|Any CPU
		{D798C7CF-AE1E-4292-AF2C-E543BEFC7512}.Release|Any CPU.ActiveCfg = Release|Any CPU
		{D798C7CF-AE1E-4292-AF2C-E543BEFC7512}.Release|Any CPU.Build.0 = Release|Any CPU
	EndGlobalSection
	GlobalSection(SolutionProperties) = preSolution
		HideSolutionNode = FALSE
	EndGlobalSection
	GlobalSection(ExtensibilityGlobals) = postSolution
		SolutionGuid = {3B8CBE8F-6342-4487-8E7F-085FB883FBA0}
	EndGlobalSection
EndGlobal
