
Microsoft Visual Studio Solution File, Format Version 12.00
# Visual Studio Version 16
VisualStudioVersion = 16.0.29409.12
MinimumVisualStudioVersion = 10.0.40219.1
Project("{FAE04EC0-301F-11D3-BF4B-00C04F79EFBC}") = "lab7WPF", "lab7WPF\lab7WPF.csproj", "{5A4B4C75-97B9-4DCA-9915-A354436F0E59}"
EndProject
Global
	GlobalSection(SolutionConfigurationPlatforms) = preSolution
		Debug|Any CPU = Debug|Any CPU
		Release|Any CPU = Release|Any CPU
	EndGlobalSection
	GlobalSection(ProjectConfigurationPlatforms) = postSolution
		{5A4B4C75-97B9-4DCA-9915-A354436F0E59}.Debug|Any CPU.ActiveCfg = Debug|Any CPU
		{5A4B4C75-97B9-4DCA-9915-A354436F0E59}.Debug|Any CPU.Build.0 = Debug|Any CPU
		{5A4B4C75-97B9-4DCA-9915-A354436F0E59}.Release|Any CPU.ActiveCfg = Release|Any CPU
		{5A4B4C75-97B9-4DCA-9915-A354436F0E59}.Release|Any CPU.Build.0 = Release|Any CPU
	EndGlobalSection
	GlobalSection(SolutionProperties) = preSolution
		HideSolutionNode = FALSE
	EndGlobalSection
	GlobalSection(ExtensibilityGlobals) = postSolution
		SolutionGuid = {BC38CC5C-393D-401B-9A9B-389D7CA7468D}
	EndGlobalSection
EndGlobal
